
Microsoft Visual Studio Solution File, Format Version 12.00
# Visual Studio Version 16
VisualStudioVersion = 16.0.31624.102
MinimumVisualStudioVersion = 10.0.40219.1
Project("{FAE04EC0-301F-11D3-BF4B-00C04F79EFBC}") = "DataConverterAPI", "DataConverterAPI.csproj", "{EE972C14-C217-4CE3-B22B-2ED4EE9A762F}"
EndProject
Global
	GlobalSection(SolutionConfigurationPlatforms) = preSolution
		Debug|Any CPU = Debug|Any CPU
		Release|Any CPU = Release|Any CPU
	EndGlobalSection
	GlobalSection(ProjectConfigurationPlatforms) = postSolution
		{EE972C14-C217-4CE3-B22B-2ED4EE9A762F}.Debug|Any CPU.ActiveCfg = Debug|Any CPU
		{EE972C14-C217-4CE3-B22B-2ED4EE9A762F}.Debug|Any CPU.Build.0 = Debug|Any CPU
		{EE972C14-C217-4CE3-B22B-2ED4EE9A762F}.Release|Any CPU.ActiveCfg = Release|Any CPU
		{EE972C14-C217-4CE3-B22B-2ED4EE9A762F}.Release|Any CPU.Build.0 = Release|Any CPU
	EndGlobalSection
	GlobalSection(SolutionProperties) = preSolution
		HideSolutionNode = FALSE
	EndGlobalSection
	GlobalSection(ExtensibilityGlobals) = postSolution
		SolutionGuid = {0D88C672-39BF-4692-B7C0-E780251D9B97}
	EndGlobalSection
EndGlobal
